
Microsoft Visual Studio Solution File, Format Version 12.00
# Visual Studio Version 17
VisualStudioVersion = 17.11.35312.102
MinimumVisualStudioVersion = 10.0.40219.1
Project("{FAE04EC0-301F-11D3-BF4B-00C04F79EFBC}") = "LR2", "LR2\LR2.csproj", "{D83625E0-2FF5-4362-885A-F582DAC911BD}"
EndProject
Global
	GlobalSection(SolutionConfigurationPlatforms) = preSolution
		Debug|Any CPU = Debug|Any CPU
		Release|Any CPU = Release|Any CPU
	EndGlobalSection
	GlobalSection(ProjectConfigurationPlatforms) = postSolution
		{D83625E0-2FF5-4362-885A-F582DAC911BD}.Debug|Any CPU.ActiveCfg = Debug|Any CPU
		{D83625E0-2FF5-4362-885A-F582DAC911BD}.Debug|Any CPU.Build.0 = Debug|Any CPU
		{D83625E0-2FF5-4362-885A-F582DAC911BD}.Release|Any CPU.ActiveCfg = Release|Any CPU
		{D83625E0-2FF5-4362-885A-F582DAC911BD}.Release|Any CPU.Build.0 = Release|Any CPU
	EndGlobalSection
	GlobalSection(SolutionProperties) = preSolution
		HideSolutionNode = FALSE
	EndGlobalSection
	GlobalSection(ExtensibilityGlobals) = postSolution
		SolutionGuid = {44C623DA-E746-40B0-A54F-9F5F7648682C}
	EndGlobalSection
EndGlobal
