
Microsoft Visual Studio Solution File, Format Version 12.00
# Visual Studio Version 17
VisualStudioVersion = 17.11.35312.102
MinimumVisualStudioVersion = 10.0.40219.1
Project("{FAE04EC0-301F-11D3-BF4B-00C04F79EFBC}") = "lr2", "lr2\lr2.csproj", "{0B6AF0D2-95FF-4A4C-9C4A-3FB67FD164EB}"
EndProject
Global
	GlobalSection(SolutionConfigurationPlatforms) = preSolution
		Debug|Any CPU = Debug|Any CPU
		Release|Any CPU = Release|Any CPU
	EndGlobalSection
	GlobalSection(ProjectConfigurationPlatforms) = postSolution
		{0B6AF0D2-95FF-4A4C-9C4A-3FB67FD164EB}.Debug|Any CPU.ActiveCfg = Debug|Any CPU
		{0B6AF0D2-95FF-4A4C-9C4A-3FB67FD164EB}.Debug|Any CPU.Build.0 = Debug|Any CPU
		{0B6AF0D2-95FF-4A4C-9C4A-3FB67FD164EB}.Release|Any CPU.ActiveCfg = Release|Any CPU
		{0B6AF0D2-95FF-4A4C-9C4A-3FB67FD164EB}.Release|Any CPU.Build.0 = Release|Any CPU
	EndGlobalSection
	GlobalSection(SolutionProperties) = preSolution
		HideSolutionNode = FALSE
	EndGlobalSection
	GlobalSection(ExtensibilityGlobals) = postSolution
		SolutionGuid = {B799B6FA-9731-4833-B833-2C77D46A5464}
	EndGlobalSection
EndGlobal
